
Microsoft Visual Studio Solution File, Format Version 12.00
# Visual Studio 15
VisualStudioVersion = 15.0.26124.0
MinimumVisualStudioVersion = 15.0.26124.0
Project("{FAE04EC0-301F-11D3-BF4B-00C04F79EFBC}") = "MeeShell.Parser", "Src\MeeShell.Parser\MeeShell.Parser.csproj", "{22A3EB72-6E04-4AC8-8337-74446949102A}"
EndProject
Project("{FAE04EC0-301F-11D3-BF4B-00C04F79EFBC}") = "MeeShell.ParserKitTest", "Src\MeeShell.ParserKitTest\MeeShell.ParserKitTest.csproj", "{77263513-DF1E-4355-A1AB-8A36DF265B37}"
EndProject
Project("{FAE04EC0-301F-11D3-BF4B-00C04F79EFBC}") = "MeeShell.ExampleCli", "Src\MeeShell.ExampleCli\MeeShell.ExampleCli.csproj", "{538E6D7C-2764-42B0-9C33-19C460E55139}"
EndProject
Project("{FAE04EC0-301F-11D3-BF4B-00C04F79EFBC}") = "MeeShell.Runtime", "Src\MeeShell.Runtime\MeeShell.Runtime.csproj", "{4847032C-BD51-4A8D-9BAB-C49DCFCD1C8D}"
EndProject
Project("{FAE04EC0-301F-11D3-BF4B-00C04F79EFBC}") = "MeeShell.Ast", "Src\MeeShell.Ast\MeeShell.Ast.csproj", "{78D480B1-FF4D-4FEC-95B4-4AC20EED4601}"
EndProject
Project("{FAE04EC0-301F-11D3-BF4B-00C04F79EFBC}") = "MeeShell.ParserKit", "Src\MeeShell.ParserKit\MeeShell.ParserKit.csproj", "{2008E5B2-B777-4F60-8E42-BC90A8E2E7B5}"
EndProject
Project("{FAE04EC0-301F-11D3-BF4B-00C04F79EFBC}") = "MeeShell.Util", "Src\MeeShell.Util\MeeShell.Util.csproj", "{2A817E58-3C70-479E-BCA8-6D00B049D2D4}"
EndProject
Project("{FAE04EC0-301F-11D3-BF4B-00C04F79EFBC}") = "MeeShell.Ast2Mir", "Src\MeeShell.Ast2Mir\MeeShell.Ast2Mir.csproj", "{4BEB2F00-8B31-468E-99F1-091721E49370}"
EndProject
Project("{FAE04EC0-301F-11D3-BF4B-00C04F79EFBC}") = "MeeShell.Mir", "Src\MeeShell.Mir\MeeShell.Mir.csproj", "{EDA025F9-E3A2-4710-B761-AC71B1F2253E}"
EndProject
Global
	GlobalSection(SolutionConfigurationPlatforms) = preSolution
		Debug|Any CPU = Debug|Any CPU
		Debug|x64 = Debug|x64
		Debug|x86 = Debug|x86
		Release|Any CPU = Release|Any CPU
		Release|x64 = Release|x64
		Release|x86 = Release|x86
	EndGlobalSection
	GlobalSection(SolutionProperties) = preSolution
		HideSolutionNode = FALSE
	EndGlobalSection
	GlobalSection(ProjectConfigurationPlatforms) = postSolution
		{22A3EB72-6E04-4AC8-8337-74446949102A}.Debug|Any CPU.ActiveCfg = Debug|Any CPU
		{22A3EB72-6E04-4AC8-8337-74446949102A}.Debug|Any CPU.Build.0 = Debug|Any CPU
		{22A3EB72-6E04-4AC8-8337-74446949102A}.Debug|x64.ActiveCfg = Debug|Any CPU
		{22A3EB72-6E04-4AC8-8337-74446949102A}.Debug|x64.Build.0 = Debug|Any CPU
		{22A3EB72-6E04-4AC8-8337-74446949102A}.Debug|x86.ActiveCfg = Debug|Any CPU
		{22A3EB72-6E04-4AC8-8337-74446949102A}.Debug|x86.Build.0 = Debug|Any CPU
		{22A3EB72-6E04-4AC8-8337-74446949102A}.Release|Any CPU.ActiveCfg = Release|Any CPU
		{22A3EB72-6E04-4AC8-8337-74446949102A}.Release|Any CPU.Build.0 = Release|Any CPU
		{22A3EB72-6E04-4AC8-8337-74446949102A}.Release|x64.ActiveCfg = Release|Any CPU
		{22A3EB72-6E04-4AC8-8337-74446949102A}.Release|x64.Build.0 = Release|Any CPU
		{22A3EB72-6E04-4AC8-8337-74446949102A}.Release|x86.ActiveCfg = Release|Any CPU
		{22A3EB72-6E04-4AC8-8337-74446949102A}.Release|x86.Build.0 = Release|Any CPU
		{77263513-DF1E-4355-A1AB-8A36DF265B37}.Debug|Any CPU.ActiveCfg = Debug|Any CPU
		{77263513-DF1E-4355-A1AB-8A36DF265B37}.Debug|Any CPU.Build.0 = Debug|Any CPU
		{77263513-DF1E-4355-A1AB-8A36DF265B37}.Debug|x64.ActiveCfg = Debug|Any CPU
		{77263513-DF1E-4355-A1AB-8A36DF265B37}.Debug|x64.Build.0 = Debug|Any CPU
		{77263513-DF1E-4355-A1AB-8A36DF265B37}.Debug|x86.ActiveCfg = Debug|Any CPU
		{77263513-DF1E-4355-A1AB-8A36DF265B37}.Debug|x86.Build.0 = Debug|Any CPU
		{77263513-DF1E-4355-A1AB-8A36DF265B37}.Release|Any CPU.ActiveCfg = Release|Any CPU
		{77263513-DF1E-4355-A1AB-8A36DF265B37}.Release|Any CPU.Build.0 = Release|Any CPU
		{77263513-DF1E-4355-A1AB-8A36DF265B37}.Release|x64.ActiveCfg = Release|Any CPU
		{77263513-DF1E-4355-A1AB-8A36DF265B37}.Release|x64.Build.0 = Release|Any CPU
		{77263513-DF1E-4355-A1AB-8A36DF265B37}.Release|x86.ActiveCfg = Release|Any CPU
		{77263513-DF1E-4355-A1AB-8A36DF265B37}.Release|x86.Build.0 = Release|Any CPU
		{538E6D7C-2764-42B0-9C33-19C460E55139}.Debug|Any CPU.ActiveCfg = Debug|Any CPU
		{538E6D7C-2764-42B0-9C33-19C460E55139}.Debug|Any CPU.Build.0 = Debug|Any CPU
		{538E6D7C-2764-42B0-9C33-19C460E55139}.Debug|x64.ActiveCfg = Debug|Any CPU
		{538E6D7C-2764-42B0-9C33-19C460E55139}.Debug|x64.Build.0 = Debug|Any CPU
		{538E6D7C-2764-42B0-9C33-19C460E55139}.Debug|x86.ActiveCfg = Debug|Any CPU
		{538E6D7C-2764-42B0-9C33-19C460E55139}.Debug|x86.Build.0 = Debug|Any CPU
		{538E6D7C-2764-42B0-9C33-19C460E55139}.Release|Any CPU.ActiveCfg = Release|Any CPU
		{538E6D7C-2764-42B0-9C33-19C460E55139}.Release|Any CPU.Build.0 = Release|Any CPU
		{538E6D7C-2764-42B0-9C33-19C460E55139}.Release|x64.ActiveCfg = Release|Any CPU
		{538E6D7C-2764-42B0-9C33-19C460E55139}.Release|x64.Build.0 = Release|Any CPU
		{538E6D7C-2764-42B0-9C33-19C460E55139}.Release|x86.ActiveCfg = Release|Any CPU
		{538E6D7C-2764-42B0-9C33-19C460E55139}.Release|x86.Build.0 = Release|Any CPU
		{4847032C-BD51-4A8D-9BAB-C49DCFCD1C8D}.Debug|Any CPU.ActiveCfg = Debug|Any CPU
		{4847032C-BD51-4A8D-9BAB-C49DCFCD1C8D}.Debug|Any CPU.Build.0 = Debug|Any CPU
		{4847032C-BD51-4A8D-9BAB-C49DCFCD1C8D}.Debug|x64.ActiveCfg = Debug|Any CPU
		{4847032C-BD51-4A8D-9BAB-C49DCFCD1C8D}.Debug|x64.Build.0 = Debug|Any CPU
		{4847032C-BD51-4A8D-9BAB-C49DCFCD1C8D}.Debug|x86.ActiveCfg = Debug|Any CPU
		{4847032C-BD51-4A8D-9BAB-C49DCFCD1C8D}.Debug|x86.Build.0 = Debug|Any CPU
		{4847032C-BD51-4A8D-9BAB-C49DCFCD1C8D}.Release|Any CPU.ActiveCfg = Release|Any CPU
		{4847032C-BD51-4A8D-9BAB-C49DCFCD1C8D}.Release|Any CPU.Build.0 = Release|Any CPU
		{4847032C-BD51-4A8D-9BAB-C49DCFCD1C8D}.Release|x64.ActiveCfg = Release|Any CPU
		{4847032C-BD51-4A8D-9BAB-C49DCFCD1C8D}.Release|x64.Build.0 = Release|Any CPU
		{4847032C-BD51-4A8D-9BAB-C49DCFCD1C8D}.Release|x86.ActiveCfg = Release|Any CPU
		{4847032C-BD51-4A8D-9BAB-C49DCFCD1C8D}.Release|x86.Build.0 = Release|Any CPU
		{78D480B1-FF4D-4FEC-95B4-4AC20EED4601}.Debug|Any CPU.ActiveCfg = Debug|Any CPU
		{78D480B1-FF4D-4FEC-95B4-4AC20EED4601}.Debug|Any CPU.Build.0 = Debug|Any CPU
		{78D480B1-FF4D-4FEC-95B4-4AC20EED4601}.Debug|x64.ActiveCfg = Debug|Any CPU
		{78D480B1-FF4D-4FEC-95B4-4AC20EED4601}.Debug|x64.Build.0 = Debug|Any CPU
		{78D480B1-FF4D-4FEC-95B4-4AC20EED4601}.Debug|x86.ActiveCfg = Debug|Any CPU
		{78D480B1-FF4D-4FEC-95B4-4AC20EED4601}.Debug|x86.Build.0 = Debug|Any CPU
		{78D480B1-FF4D-4FEC-95B4-4AC20EED4601}.Release|Any CPU.ActiveCfg = Release|Any CPU
		{78D480B1-FF4D-4FEC-95B4-4AC20EED4601}.Release|Any CPU.Build.0 = Release|Any CPU
		{78D480B1-FF4D-4FEC-95B4-4AC20EED4601}.Release|x64.ActiveCfg = Release|Any CPU
		{78D480B1-FF4D-4FEC-95B4-4AC20EED4601}.Release|x64.Build.0 = Release|Any CPU
		{78D480B1-FF4D-4FEC-95B4-4AC20EED4601}.Release|x86.ActiveCfg = Release|Any CPU
		{78D480B1-FF4D-4FEC-95B4-4AC20EED4601}.Release|x86.Build.0 = Release|Any CPU
		{2008E5B2-B777-4F60-8E42-BC90A8E2E7B5}.Debug|Any CPU.ActiveCfg = Debug|Any CPU
		{2008E5B2-B777-4F60-8E42-BC90A8E2E7B5}.Debug|Any CPU.Build.0 = Debug|Any CPU
		{2008E5B2-B777-4F60-8E42-BC90A8E2E7B5}.Debug|x64.ActiveCfg = Debug|Any CPU
		{2008E5B2-B777-4F60-8E42-BC90A8E2E7B5}.Debug|x64.Build.0 = Debug|Any CPU
		{2008E5B2-B777-4F60-8E42-BC90A8E2E7B5}.Debug|x86.ActiveCfg = Debug|Any CPU
		{2008E5B2-B777-4F60-8E42-BC90A8E2E7B5}.Debug|x86.Build.0 = Debug|Any CPU
		{2008E5B2-B777-4F60-8E42-BC90A8E2E7B5}.Release|Any CPU.ActiveCfg = Release|Any CPU
		{2008E5B2-B777-4F60-8E42-BC90A8E2E7B5}.Release|Any CPU.Build.0 = Release|Any CPU
		{2008E5B2-B777-4F60-8E42-BC90A8E2E7B5}.Release|x64.ActiveCfg = Release|Any CPU
		{2008E5B2-B777-4F60-8E42-BC90A8E2E7B5}.Release|x64.Build.0 = Release|Any CPU
		{2008E5B2-B777-4F60-8E42-BC90A8E2E7B5}.Release|x86.ActiveCfg = Release|Any CPU
		{2008E5B2-B777-4F60-8E42-BC90A8E2E7B5}.Release|x86.Build.0 = Release|Any CPU
		{2A817E58-3C70-479E-BCA8-6D00B049D2D4}.Debug|Any CPU.ActiveCfg = Debug|Any CPU
		{2A817E58-3C70-479E-BCA8-6D00B049D2D4}.Debug|Any CPU.Build.0 = Debug|Any CPU
		{2A817E58-3C70-479E-BCA8-6D00B049D2D4}.Debug|x64.ActiveCfg = Debug|Any CPU
		{2A817E58-3C70-479E-BCA8-6D00B049D2D4}.Debug|x64.Build.0 = Debug|Any CPU
		{2A817E58-3C70-479E-BCA8-6D00B049D2D4}.Debug|x86.ActiveCfg = Debug|Any CPU
		{2A817E58-3C70-479E-BCA8-6D00B049D2D4}.Debug|x86.Build.0 = Debug|Any CPU
		{2A817E58-3C70-479E-BCA8-6D00B049D2D4}.Release|Any CPU.ActiveCfg = Release|Any CPU
		{2A817E58-3C70-479E-BCA8-6D00B049D2D4}.Release|Any CPU.Build.0 = Release|Any CPU
		{2A817E58-3C70-479E-BCA8-6D00B049D2D4}.Release|x64.ActiveCfg = Release|Any CPU
		{2A817E58-3C70-479E-BCA8-6D00B049D2D4}.Release|x64.Build.0 = Release|Any CPU
		{2A817E58-3C70-479E-BCA8-6D00B049D2D4}.Release|x86.ActiveCfg = Release|Any CPU
		{2A817E58-3C70-479E-BCA8-6D00B049D2D4}.Release|x86.Build.0 = Release|Any CPU
		{4BEB2F00-8B31-468E-99F1-091721E49370}.Debug|Any CPU.ActiveCfg = Debug|Any CPU
		{4BEB2F00-8B31-468E-99F1-091721E49370}.Debug|Any CPU.Build.0 = Debug|Any CPU
		{4BEB2F00-8B31-468E-99F1-091721E49370}.Debug|x64.ActiveCfg = Debug|Any CPU
		{4BEB2F00-8B31-468E-99F1-091721E49370}.Debug|x64.Build.0 = Debug|Any CPU
		{4BEB2F00-8B31-468E-99F1-091721E49370}.Debug|x86.ActiveCfg = Debug|Any CPU
		{4BEB2F00-8B31-468E-99F1-091721E49370}.Debug|x86.Build.0 = Debug|Any CPU
		{4BEB2F00-8B31-468E-99F1-091721E49370}.Release|Any CPU.ActiveCfg = Release|Any CPU
		{4BEB2F00-8B31-468E-99F1-091721E49370}.Release|Any CPU.Build.0 = Release|Any CPU
		{4BEB2F00-8B31-468E-99F1-091721E49370}.Release|x64.ActiveCfg = Release|Any CPU
		{4BEB2F00-8B31-468E-99F1-091721E49370}.Release|x64.Build.0 = Release|Any CPU
		{4BEB2F00-8B31-468E-99F1-091721E49370}.Release|x86.ActiveCfg = Release|Any CPU
		{4BEB2F00-8B31-468E-99F1-091721E49370}.Release|x86.Build.0 = Release|Any CPU
		{EDA025F9-E3A2-4710-B761-AC71B1F2253E}.Debug|Any CPU.ActiveCfg = Debug|Any CPU
		{EDA025F9-E3A2-4710-B761-AC71B1F2253E}.Debug|Any CPU.Build.0 = Debug|Any CPU
		{EDA025F9-E3A2-4710-B761-AC71B1F2253E}.Debug|x64.ActiveCfg = Debug|Any CPU
		{EDA025F9-E3A2-4710-B761-AC71B1F2253E}.Debug|x64.Build.0 = Debug|Any CPU
		{EDA025F9-E3A2-4710-B761-AC71B1F2253E}.Debug|x86.ActiveCfg = Debug|Any CPU
		{EDA025F9-E3A2-4710-B761-AC71B1F2253E}.Debug|x86.Build.0 = Debug|Any CPU
		{EDA025F9-E3A2-4710-B761-AC71B1F2253E}.Release|Any CPU.ActiveCfg = Release|Any CPU
		{EDA025F9-E3A2-4710-B761-AC71B1F2253E}.Release|Any CPU.Build.0 = Release|Any CPU
		{EDA025F9-E3A2-4710-B761-AC71B1F2253E}.Release|x64.ActiveCfg = Release|Any CPU
		{EDA025F9-E3A2-4710-B761-AC71B1F2253E}.Release|x64.Build.0 = Release|Any CPU
		{EDA025F9-E3A2-4710-B761-AC71B1F2253E}.Release|x86.ActiveCfg = Release|Any CPU
		{EDA025F9-E3A2-4710-B761-AC71B1F2253E}.Release|x86.Build.0 = Release|Any CPU
	EndGlobalSection
EndGlobal
